
Microsoft Visual Studio Solution File, Format Version 12.00
# Visual Studio Version 16
VisualStudioVersion = 16.0.31624.102
MinimumVisualStudioVersion = 10.0.40219.1
Project("{9A19103F-16F7-4668-BE54-9A1E7A4F7556}") = "GameBox", "GameBox.csproj", "{29F06CB2-27E9-42A0-907D-3DD125EDCAFD}"
EndProject
Global
	GlobalSection(SolutionConfigurationPlatforms) = preSolution
		Debug|Any CPU = Debug|Any CPU
		Release|Any CPU = Release|Any CPU
	EndGlobalSection
	GlobalSection(ProjectConfigurationPlatforms) = postSolution
		{29F06CB2-27E9-42A0-907D-3DD125EDCAFD}.Debug|Any CPU.ActiveCfg = Debug|Any CPU
		{29F06CB2-27E9-42A0-907D-3DD125EDCAFD}.Debug|Any CPU.Build.0 = Debug|Any CPU
		{29F06CB2-27E9-42A0-907D-3DD125EDCAFD}.Release|Any CPU.ActiveCfg = Release|Any CPU
		{29F06CB2-27E9-42A0-907D-3DD125EDCAFD}.Release|Any CPU.Build.0 = Release|Any CPU
	EndGlobalSection
	GlobalSection(SolutionProperties) = preSolution
		HideSolutionNode = FALSE
	EndGlobalSection
	GlobalSection(ExtensibilityGlobals) = postSolution
		SolutionGuid = {3D379CFA-7828-4B95-9087-0BE6ED42F9BD}
	EndGlobalSection
EndGlobal
